// !$*UTF8*$!
{
	archiveVersion = 1;
	classes = {
	};
	objectVersion = 50;
	objects = {

/* Begin PBXBuildFile section */
		09380A06226D6049005ADA25 /* OTJDateUtils.m in Sources */ = {isa = PBXBuildFile; fileRef = 09380A05226D6049005ADA25 /* OTJDateUtils.m */; };
		09380A09226D7202005ADA25 /* OTJKLineView.m in Sources */ = {isa = PBXBuildFile; fileRef = 09380A08226D7202005ADA25 /* OTJKLineView.m */; };
		09380A0C226DB22B005ADA25 /* OTJQuotationPriceView.m in Sources */ = {isa = PBXBuildFile; fileRef = 09380A0B226DB22B005ADA25 /* OTJQuotationPriceView.m */; };
		09738FAB2268774E00F3B404 /* AppDelegate.m in Sources */ = {isa = PBXBuildFile; fileRef = 09738FAA2268774E00F3B404 /* AppDelegate.m */; };
		09738FAE2268774E00F3B404 /* ViewController.m in Sources */ = {isa = PBXBuildFile; fileRef = 09738FAD2268774E00F3B404 /* ViewController.m */; };
		09738FB12268774E00F3B404 /* Main.storyboard in Resources */ = {isa = PBXBuildFile; fileRef = 09738FAF2268774E00F3B404 /* Main.storyboard */; };
		09738FB32268774F00F3B404 /* Assets.xcassets in Resources */ = {isa = PBXBuildFile; fileRef = 09738FB22268774F00F3B404 /* Assets.xcassets */; };
		09738FB62268774F00F3B404 /* LaunchScreen.storyboard in Resources */ = {isa = PBXBuildFile; fileRef = 09738FB42268774F00F3B404 /* LaunchScreen.storyboard */; };
		09738FB92268774F00F3B404 /* main.m in Sources */ = {isa = PBXBuildFile; fileRef = 09738FB82268774F00F3B404 /* main.m */; };
		09738FC522687E2D00F3B404 /* HLKLineMainView.m in Sources */ = {isa = PBXBuildFile; fileRef = 09738FC422687E2D00F3B404 /* HLKLineMainView.m */; };
		09738FCB2268813900F3B404 /* HLKLine.m in Sources */ = {isa = PBXBuildFile; fileRef = 09738FCA2268813900F3B404 /* HLKLine.m */; };
		09738FD0226881A800F3B404 /* HLKLineModel.m in Sources */ = {isa = PBXBuildFile; fileRef = 09738FCF226881A800F3B404 /* HLKLineModel.m */; };
		09738FD4226963E900F3B404 /* HLKLinePositionModel.m in Sources */ = {isa = PBXBuildFile; fileRef = 09738FD3226963E900F3B404 /* HLKLinePositionModel.m */; };
		09738FD7226977AB00F3B404 /* UIColor+Hex.m in Sources */ = {isa = PBXBuildFile; fileRef = 09738FD5226977AB00F3B404 /* UIColor+Hex.m */; };
		09738FD92269AA9300F3B404 /* data.json in Resources */ = {isa = PBXBuildFile; fileRef = 09738FD82269AA9300F3B404 /* data.json */; };
		C60345D4BD0BC66B92F5452A /* libPods-StockLineDemo.a in Frameworks */ = {isa = PBXBuildFile; fileRef = F04104EEE8FEEFAD9B450AA8 /* libPods-StockLineDemo.a */; };
/* End PBXBuildFile section */

/* Begin PBXFileReference section */
		09380A04226D6049005ADA25 /* OTJDateUtils.h */ = {isa = PBXFileReference; lastKnownFileType = sourcecode.c.h; path = OTJDateUtils.h; sourceTree = "<group>"; };
		09380A05226D6049005ADA25 /* OTJDateUtils.m */ = {isa = PBXFileReference; lastKnownFileType = sourcecode.c.objc; path = OTJDateUtils.m; sourceTree = "<group>"; };
		09380A07226D7202005ADA25 /* OTJKLineView.h */ = {isa = PBXFileReference; lastKnownFileType = sourcecode.c.h; path = OTJKLineView.h; sourceTree = "<group>"; };
		09380A08226D7202005ADA25 /* OTJKLineView.m */ = {isa = PBXFileReference; lastKnownFileType = sourcecode.c.objc; path = OTJKLineView.m; sourceTree = "<group>"; };
		09380A0A226DB22B005ADA25 /* OTJQuotationPriceView.h */ = {isa = PBXFileReference; lastKnownFileType = sourcecode.c.h; path = OTJQuotationPriceView.h; sourceTree = "<group>"; };
		09380A0B226DB22B005ADA25 /* OTJQuotationPriceView.m */ = {isa = PBXFileReference; lastKnownFileType = sourcecode.c.objc; path = OTJQuotationPriceView.m; sourceTree = "<group>"; };
		09738FA62268774E00F3B404 /* StockLineDemo.app */ = {isa = PBXFileReference; explicitFileType = wrapper.application; includeInIndex = 0; path = StockLineDemo.app; sourceTree = BUILT_PRODUCTS_DIR; };
		09738FA92268774E00F3B404 /* AppDelegate.h */ = {isa = PBXFileReference; lastKnownFileType = sourcecode.c.h; path = AppDelegate.h; sourceTree = "<group>"; };
		09738FAA2268774E00F3B404 /* AppDelegate.m */ = {isa = PBXFileReference; lastKnownFileType = sourcecode.c.objc; path = AppDelegate.m; sourceTree = "<group>"; };
		09738FAC2268774E00F3B404 /* ViewController.h */ = {isa = PBXFileReference; lastKnownFileType = sourcecode.c.h; path = ViewController.h; sourceTree = "<group>"; };
		09738FAD2268774E00F3B404 /* ViewController.m */ = {isa = PBXFileReference; lastKnownFileType = sourcecode.c.objc; path = ViewController.m; sourceTree = "<group>"; };
		09738FB02268774E00F3B404 /* Base */ = {isa = PBXFileReference; lastKnownFileType = file.storyboard; name = Base; path = Base.lproj/Main.storyboard; sourceTree = "<group>"; };
		09738FB22268774F00F3B404 /* Assets.xcassets */ = {isa = PBXFileReference; lastKnownFileType = folder.assetcatalog; path = Assets.xcassets; sourceTree = "<group>"; };
		09738FB52268774F00F3B404 /* Base */ = {isa = PBXFileReference; lastKnownFileType = file.storyboard; name = Base; path = Base.lproj/LaunchScreen.storyboard; sourceTree = "<group>"; };
		09738FB72268774F00F3B404 /* Info.plist */ = {isa = PBXFileReference; lastKnownFileType = text.plist.xml; path = Info.plist; sourceTree = "<group>"; };
		09738FB82268774F00F3B404 /* main.m */ = {isa = PBXFileReference; lastKnownFileType = sourcecode.c.objc; path = main.m; sourceTree = "<group>"; };
		09738FC322687E2D00F3B404 /* HLKLineMainView.h */ = {isa = PBXFileReference; lastKnownFileType = sourcecode.c.h; path = HLKLineMainView.h; sourceTree = "<group>"; };
		09738FC422687E2D00F3B404 /* HLKLineMainView.m */ = {isa = PBXFileReference; lastKnownFileType = sourcecode.c.objc; path = HLKLineMainView.m; sourceTree = "<group>"; };
		09738FC722687FC300F3B404 /* HLKLineConfig.h */ = {isa = PBXFileReference; lastKnownFileType = sourcecode.c.h; path = HLKLineConfig.h; sourceTree = "<group>"; };
		09738FC92268813900F3B404 /* HLKLine.h */ = {isa = PBXFileReference; lastKnownFileType = sourcecode.c.h; path = HLKLine.h; sourceTree = "<group>"; };
		09738FCA2268813900F3B404 /* HLKLine.m */ = {isa = PBXFileReference; lastKnownFileType = sourcecode.c.objc; path = HLKLine.m; sourceTree = "<group>"; };
		09738FCE226881A800F3B404 /* HLKLineModel.h */ = {isa = PBXFileReference; lastKnownFileType = sourcecode.c.h; path = HLKLineModel.h; sourceTree = "<group>"; };
		09738FCF226881A800F3B404 /* HLKLineModel.m */ = {isa = PBXFileReference; lastKnownFileType = sourcecode.c.objc; path = HLKLineModel.m; sourceTree = "<group>"; };
		09738FD12268837D00F3B404 /* HLKLineHeader.h */ = {isa = PBXFileReference; lastKnownFileType = sourcecode.c.h; path = HLKLineHeader.h; sourceTree = "<group>"; };
		09738FD2226963E900F3B404 /* HLKLinePositionModel.h */ = {isa = PBXFileReference; lastKnownFileType = sourcecode.c.h; path = HLKLinePositionModel.h; sourceTree = "<group>"; };
		09738FD3226963E900F3B404 /* HLKLinePositionModel.m */ = {isa = PBXFileReference; lastKnownFileType = sourcecode.c.objc; path = HLKLinePositionModel.m; sourceTree = "<group>"; };
		09738FD5226977AB00F3B404 /* UIColor+Hex.m */ = {isa = PBXFileReference; fileEncoding = 4; lastKnownFileType = sourcecode.c.objc; path = "UIColor+Hex.m"; sourceTree = "<group>"; };
		09738FD6226977AB00F3B404 /* UIColor+Hex.h */ = {isa = PBXFileReference; fileEncoding = 4; lastKnownFileType = sourcecode.c.h; path = "UIColor+Hex.h"; sourceTree = "<group>"; };
		09738FD82269AA9300F3B404 /* data.json */ = {isa = PBXFileReference; fileEncoding = 4; lastKnownFileType = text.json; path = data.json; sourceTree = "<group>"; };
		6F3546292471D8A50279ABB0 /* Pods-StockLineDemo.debug.xcconfig */ = {isa = PBXFileReference; includeInIndex = 1; lastKnownFileType = text.xcconfig; name = "Pods-StockLineDemo.debug.xcconfig"; path = "Target Support Files/Pods-StockLineDemo/Pods-StockLineDemo.debug.xcconfig"; sourceTree = "<group>"; };
		9EB7E99922E3F0C2CD100029 /* Pods-StockLineDemo.release.xcconfig */ = {isa = PBXFileReference; includeInIndex = 1; lastKnownFileType = text.xcconfig; name = "Pods-StockLineDemo.release.xcconfig"; path = "Target Support Files/Pods-StockLineDemo/Pods-StockLineDemo.release.xcconfig"; sourceTree = "<group>"; };
		F04104EEE8FEEFAD9B450AA8 /* libPods-StockLineDemo.a */ = {isa = PBXFileReference; explicitFileType = archive.ar; includeInIndex = 0; path = "libPods-StockLineDemo.a"; sourceTree = BUILT_PRODUCTS_DIR; };
/* End PBXFileReference section */

/* Begin PBXFrameworksBuildPhase section */
		09738FA32268774E00F3B404 /* Frameworks */ = {
			isa = PBXFrameworksBuildPhase;
			buildActionMask = 2147483647;
			files = (
				C60345D4BD0BC66B92F5452A /* libPods-StockLineDemo.a in Frameworks */,
			);
			runOnlyForDeploymentPostprocessing = 0;
		};
/* End PBXFrameworksBuildPhase section */

/* Begin PBXGroup section */
		09380A0D226DB236005ADA25 /* Price */ = {
			isa = PBXGroup;
			children = (
				09380A0A226DB22B005ADA25 /* OTJQuotationPriceView.h */,
				09380A0B226DB22B005ADA25 /* OTJQuotationPriceView.m */,
			);
			path = Price;
			sourceTree = "<group>";
		};
		09738F9D2268774E00F3B404 = {
			isa = PBXGroup;
			children = (
				09380A04226D6049005ADA25 /* OTJDateUtils.h */,
				09380A05226D6049005ADA25 /* OTJDateUtils.m */,
				09738FD6226977AB00F3B404 /* UIColor+Hex.h */,
				09738FD5226977AB00F3B404 /* UIColor+Hex.m */,
				09380A0D226DB236005ADA25 /* Price */,
				09738FC222687DF600F3B404 /* KLine */,
				09738FA82268774E00F3B404 /* StockLineDemo */,
				09738FA72268774E00F3B404 /* Products */,
				09A0B5F27C60B9C119CF4CE3 /* Pods */,
				599603ABB75075052CEFAEDC /* Frameworks */,
			);
			sourceTree = "<group>";
		};
		09738FA72268774E00F3B404 /* Products */ = {
			isa = PBXGroup;
			children = (
				09738FA62268774E00F3B404 /* StockLineDemo.app */,
			);
			name = Products;
			sourceTree = "<group>";
		};
		09738FA82268774E00F3B404 /* StockLineDemo */ = {
			isa = PBXGroup;
			children = (
				09738FA92268774E00F3B404 /* AppDelegate.h */,
				09738FAA2268774E00F3B404 /* AppDelegate.m */,
				09738FAC2268774E00F3B404 /* ViewController.h */,
				09738FAD2268774E00F3B404 /* ViewController.m */,
				09738FAF2268774E00F3B404 /* Main.storyboard */,
				09738FB22268774F00F3B404 /* Assets.xcassets */,
				09738FB42268774F00F3B404 /* LaunchScreen.storyboard */,
				09738FB72268774F00F3B404 /* Info.plist */,
				09738FB82268774F00F3B404 /* main.m */,
				09738FD82269AA9300F3B404 /* data.json */,
			);
			path = StockLineDemo;
			sourceTree = "<group>";
		};
		09738FC222687DF600F3B404 /* KLine */ = {
			isa = PBXGroup;
			children = (
				09738FD12268837D00F3B404 /* HLKLineHeader.h */,
				09738FC722687FC300F3B404 /* HLKLineConfig.h */,
				09738FCD2268819600F3B404 /* Model */,
				09738FCC2268818300F3B404 /* MainView */,
			);
			path = KLine;
			sourceTree = "<group>";
		};
		09738FC82268811C00F3B404 /* KLine */ = {
			isa = PBXGroup;
			children = (
				09738FC92268813900F3B404 /* HLKLine.h */,
				09738FCA2268813900F3B404 /* HLKLine.m */,
			);
			path = KLine;
			sourceTree = "<group>";
		};
		09738FCC2268818300F3B404 /* MainView */ = {
			isa = PBXGroup;
			children = (
				09738FC82268811C00F3B404 /* KLine */,
				09738FC322687E2D00F3B404 /* HLKLineMainView.h */,
				09738FC422687E2D00F3B404 /* HLKLineMainView.m */,
				09380A07226D7202005ADA25 /* OTJKLineView.h */,
				09380A08226D7202005ADA25 /* OTJKLineView.m */,
			);
			path = MainView;
			sourceTree = "<group>";
		};
		09738FCD2268819600F3B404 /* Model */ = {
			isa = PBXGroup;
			children = (
				09738FCE226881A800F3B404 /* HLKLineModel.h */,
				09738FCF226881A800F3B404 /* HLKLineModel.m */,
				09738FD2226963E900F3B404 /* HLKLinePositionModel.h */,
				09738FD3226963E900F3B404 /* HLKLinePositionModel.m */,
			);
			path = Model;
			sourceTree = "<group>";
		};
		09A0B5F27C60B9C119CF4CE3 /* Pods */ = {
			isa = PBXGroup;
			children = (
				6F3546292471D8A50279ABB0 /* Pods-StockLineDemo.debug.xcconfig */,
				9EB7E99922E3F0C2CD100029 /* Pods-StockLineDemo.release.xcconfig */,
			);
			path = Pods;
			sourceTree = "<group>";
		};
		599603ABB75075052CEFAEDC /* Frameworks */ = {
			isa = PBXGroup;
			children = (
				F04104EEE8FEEFAD9B450AA8 /* libPods-StockLineDemo.a */,
			);
			name = Frameworks;
			sourceTree = "<group>";
		};
/* End PBXGroup section */

/* Begin PBXNativeTarget section */
		09738FA52268774E00F3B404 /* StockLineDemo */ = {
			isa = PBXNativeTarget;
			buildConfigurationList = 09738FBC2268774F00F3B404 /* Build configuration list for PBXNativeTarget "StockLineDemo" */;
			buildPhases = (
				7134184DD8FDDB473B3318A4 /* [CP] Check Pods Manifest.lock */,
				09738FA22268774E00F3B404 /* Sources */,
				09738FA32268774E00F3B404 /* Frameworks */,
				09738FA42268774E00F3B404 /* Resources */,
				DB08C80A4CD5459B308EEBFC /* [CP] Copy Pods Resources */,
			);
			buildRules = (
			);
			dependencies = (
			);
			name = StockLineDemo;
			productName = StockLineDemo;
			productReference = 09738FA62268774E00F3B404 /* StockLineDemo.app */;
			productType = "com.apple.product-type.application";
		};
/* End PBXNativeTarget section */

/* Begin PBXProject section */
		09738F9E2268774E00F3B404 /* Project object */ = {
			isa = PBXProject;
			attributes = {
				LastUpgradeCheck = 1020;
				ORGANIZATIONNAME = wyh;
				TargetAttributes = {
					09738FA52268774E00F3B404 = {
						CreatedOnToolsVersion = 10.2.1;
					};
				};
			};
			buildConfigurationList = 09738FA12268774E00F3B404 /* Build configuration list for PBXProject "StockLineDemo" */;
			compatibilityVersion = "Xcode 9.3";
			developmentRegion = en;
			hasScannedForEncodings = 0;
			knownRegions = (
				en,
				Base,
			);
			mainGroup = 09738F9D2268774E00F3B404;
			productRefGroup = 09738FA72268774E00F3B404 /* Products */;
			projectDirPath = "";
			projectRoot = "";
			targets = (
				09738FA52268774E00F3B404 /* StockLineDemo */,
			);
		};
/* End PBXProject section */

/* Begin PBXResourcesBuildPhase section */
		09738FA42268774E00F3B404 /* Resources */ = {
			isa = PBXResourcesBuildPhase;
			buildActionMask = 2147483647;
			files = (
				09738FB62268774F00F3B404 /* LaunchScreen.storyboard in Resources */,
				09738FB32268774F00F3B404 /* Assets.xcassets in Resources */,
				09738FB12268774E00F3B404 /* Main.storyboard in Resources */,
				09738FD92269AA9300F3B404 /* data.json in Resources */,
			);
			runOnlyForDeploymentPostprocessing = 0;
		};
/* End PBXResourcesBuildPhase section */

/* Begin PBXShellScriptBuildPhase section */
		7134184DD8FDDB473B3318A4 /* [CP] Check Pods Manifest.lock */ = {
			isa = PBXShellScriptBuildPhase;
			buildActionMask = 2147483647;
			files = (
			);
			inputFileListPaths = (
			);
			inputPaths = (
				"${PODS_PODFILE_DIR_PATH}/Podfile.lock",
				"${PODS_ROOT}/Manifest.lock",
			);
			name = "[CP] Check Pods Manifest.lock";
			outputFileListPaths = (
			);
			outputPaths = (
				"$(DERIVED_FILE_DIR)/Pods-StockLineDemo-checkManifestLockResult.txt",
			);
			runOnlyForDeploymentPostprocessing = 0;
			shellPath = /bin/sh;
			shellScript = "diff \"${PODS_PODFILE_DIR_PATH}/Podfile.lock\" \"${PODS_ROOT}/Manifest.lock\" > /dev/null\nif [ $? != 0 ] ; then\n    # print error to STDERR\n    echo \"error: The sandbox is not in sync with the Podfile.lock. Run 'pod install' or update your CocoaPods installation.\" >&2\n    exit 1\nfi\n# This output is used by Xcode 'outputs' to avoid re-running this script phase.\necho \"SUCCESS\" > \"${SCRIPT_OUTPUT_FILE_0}\"\n";
			showEnvVarsInLog = 0;
		};
		DB08C80A4CD5459B308EEBFC /* [CP] Copy Pods Resources */ = {
			isa = PBXShellScriptBuildPhase;
			buildActionMask = 2147483647;
			files = (
			);
			inputFileListPaths = (
			);
			inputPaths = (
				"${PODS_ROOT}/Target Support Files/Pods-StockLineDemo/Pods-StockLineDemo-resources.sh",
				"${PODS_ROOT}/MJRefresh/MJRefresh/MJRefresh.bundle",
			);
			name = "[CP] Copy Pods Resources";
			outputFileListPaths = (
			);
			outputPaths = (
				"${TARGET_BUILD_DIR}/${UNLOCALIZED_RESOURCES_FOLDER_PATH}/MJRefresh.bundle",
			);
			runOnlyForDeploymentPostprocessing = 0;
			shellPath = /bin/sh;
			shellScript = "\"${PODS_ROOT}/Target Support Files/Pods-StockLineDemo/Pods-StockLineDemo-resources.sh\"\n";
			showEnvVarsInLog = 0;
		};
/* End PBXShellScriptBuildPhase section */

/* Begin PBXSourcesBuildPhase section */
		09738FA22268774E00F3B404 /* Sources */ = {
			isa = PBXSourcesBuildPhase;
			buildActionMask = 2147483647;
			files = (
				09380A0C226DB22B005ADA25 /* OTJQuotationPriceView.m in Sources */,
				09738FCB2268813900F3B404 /* HLKLine.m in Sources */,
				09738FAE2268774E00F3B404 /* ViewController.m in Sources */,
				09380A06226D6049005ADA25 /* OTJDateUtils.m in Sources */,
				09738FB92268774F00F3B404 /* main.m in Sources */,
				09738FAB2268774E00F3B404 /* AppDelegate.m in Sources */,
				09738FC522687E2D00F3B404 /* HLKLineMainView.m in Sources */,
				09380A09226D7202005ADA25 /* OTJKLineView.m in Sources */,
				09738FD7226977AB00F3B404 /* UIColor+Hex.m in Sources */,
				09738FD4226963E900F3B404 /* HLKLinePositionModel.m in Sources */,
				09738FD0226881A800F3B404 /* HLKLineModel.m in Sources */,
			);
			runOnlyForDeploymentPostprocessing = 0;
		};
/* End PBXSourcesBuildPhase section */

/* Begin PBXVariantGroup section */
		09738FAF2268774E00F3B404 /* Main.storyboard */ = {
			isa = PBXVariantGroup;
			children = (
				09738FB02268774E00F3B404 /* Base */,
			);
			name = Main.storyboard;
			sourceTree = "<group>";
		};
		09738FB42268774F00F3B404 /* LaunchScreen.storyboard */ = {
			isa = PBXVariantGroup;
			children = (
				09738FB52268774F00F3B404 /* Base */,
			);
			name = LaunchScreen.storyboard;
			sourceTree = "<group>";
		};
/* End PBXVariantGroup section */

/* Begin XCBuildConfiguration section */
		09738FBA2268774F00F3B404 /* Debug */ = {
			isa = XCBuildConfiguration;
			buildSettings = {
				ALWAYS_SEARCH_USER_PATHS = NO;
				CLANG_ANALYZER_NONNULL = YES;
				CLANG_ANALYZER_NUMBER_OBJECT_CONVERSION = YES_AGGRESSIVE;
				CLANG_CXX_LANGUAGE_STANDARD = "gnu++14";
				CLANG_CXX_LIBRARY = "libc++";
				CLANG_ENABLE_MODULES = YES;
				CLANG_ENABLE_OBJC_ARC = YES;
				CLANG_ENABLE_OBJC_WEAK = YES;
				CLANG_WARN_BLOCK_CAPTURE_AUTORELEASING = YES;
				CLANG_WARN_BOOL_CONVERSION = YES;
				CLANG_WARN_COMMA = YES;
				CLANG_WARN_CONSTANT_CONVERSION = YES;
				CLANG_WARN_DEPRECATED_OBJC_IMPLEMENTATIONS = YES;
				CLANG_WARN_DIRECT_OBJC_ISA_USAGE = YES_ERROR;
				CLANG_WARN_DOCUMENTATION_COMMENTS = YES;
				CLANG_WARN_EMPTY_BODY = YES;
				CLANG_WARN_ENUM_CONVERSION = YES;
				CLANG_WARN_INFINITE_RECURSION = YES;
				CLANG_WARN_INT_CONVERSION = YES;
				CLANG_WARN_NON_LITERAL_NULL_CONVERSION = YES;
				CLANG_WARN_OBJC_IMPLICIT_RETAIN_SELF = YES;
				CLANG_WARN_OBJC_LITERAL_CONVERSION = YES;
				CLANG_WARN_OBJC_ROOT_CLASS = YES_ERROR;
				CLANG_WARN_RANGE_LOOP_ANALYSIS = YES;
				CLANG_WARN_STRICT_PROTOTYPES = YES;
				CLANG_WARN_SUSPICIOUS_MOVE = YES;
				CLANG_WARN_UNGUARDED_AVAILABILITY = YES_AGGRESSIVE;
				CLANG_WARN_UNREACHABLE_CODE = YES;
				CLANG_WARN__DUPLICATE_METHOD_MATCH = YES;
				CODE_SIGN_IDENTITY = "iPhone Developer";
				COPY_PHASE_STRIP = NO;
				DEBUG_INFORMATION_FORMAT = dwarf;
				ENABLE_STRICT_OBJC_MSGSEND = YES;
				ENABLE_TESTABILITY = YES;
				GCC_C_LANGUAGE_STANDARD = gnu11;
				GCC_DYNAMIC_NO_PIC = NO;
				GCC_NO_COMMON_BLOCKS = YES;
				GCC_OPTIMIZATION_LEVEL = 0;
				GCC_PREPROCESSOR_DEFINITIONS = (
					"DEBUG=1",
					"$(inherited)",
				);
				GCC_WARN_64_TO_32_BIT_CONVERSION = YES;
				GCC_WARN_ABOUT_RETURN_TYPE = YES_ERROR;
				GCC_WARN_UNDECLARED_SELECTOR = YES;
				GCC_WARN_UNINITIALIZED_AUTOS = YES_AGGRESSIVE;
				GCC_WARN_UNUSED_FUNCTION = YES;
				GCC_WARN_UNUSED_VARIABLE = YES;
				IPHONEOS_DEPLOYMENT_TARGET = 12.2;
				MTL_ENABLE_DEBUG_INFO = INCLUDE_SOURCE;
				MTL_FAST_MATH = YES;
				ONLY_ACTIVE_ARCH = YES;
				SDKROOT = iphoneos;
			};
			name = Debug;
		};
		09738FBB2268774F00F3B404 /* Release */ = {
			isa = XCBuildConfiguration;
			buildSettings = {
				ALWAYS_SEARCH_USER_PATHS = NO;
				CLANG_ANALYZER_NONNULL = YES;
				CLANG_ANALYZER_NUMBER_OBJECT_CONVERSION = YES_AGGRESSIVE;
				CLANG_CXX_LANGUAGE_STANDARD = "gnu++14";
				CLANG_CXX_LIBRARY = "libc++";
				CLANG_ENABLE_MODULES = YES;
				CLANG_ENABLE_OBJC_ARC = YES;
				CLANG_ENABLE_OBJC_WEAK = YES;
				CLANG_WARN_BLOCK_CAPTURE_AUTORELEASING = YES;
				CLANG_WARN_BOOL_CONVERSION = YES;
				CLANG_WARN_COMMA = YES;
				CLANG_WARN_CONSTANT_CONVERSION = YES;
				CLANG_WARN_DEPRECATED_OBJC_IMPLEMENTATIONS = YES;
				CLANG_WARN_DIRECT_OBJC_ISA_USAGE = YES_ERROR;
				CLANG_WARN_DOCUMENTATION_COMMENTS = YES;
				CLANG_WARN_EMPTY_BODY = YES;
				CLANG_WARN_ENUM_CONVERSION = YES;
				CLANG_WARN_INFINITE_RECURSION = YES;
				CLANG_WARN_INT_CONVERSION = YES;
				CLANG_WARN_NON_LITERAL_NULL_CONVERSION = YES;
				CLANG_WARN_OBJC_IMPLICIT_RETAIN_SELF = YES;
				CLANG_WARN_OBJC_LITERAL_CONVERSION = YES;
				CLANG_WARN_OBJC_ROOT_CLASS = YES_ERROR;
				CLANG_WARN_RANGE_LOOP_ANALYSIS = YES;
				CLANG_WARN_STRICT_PROTOTYPES = YES;
				CLANG_WARN_SUSPICIOUS_MOVE = YES;
				CLANG_WARN_UNGUARDED_AVAILABILITY = YES_AGGRESSIVE;
				CLANG_WARN_UNREACHABLE_CODE = YES;
				CLANG_WARN__DUPLICATE_METHOD_MATCH = YES;
				CODE_SIGN_IDENTITY = "iPhone Developer";
				COPY_PHASE_STRIP = NO;
				DEBUG_INFORMATION_FORMAT = "dwarf-with-dsym";
				ENABLE_NS_ASSERTIONS = NO;
				ENABLE_STRICT_OBJC_MSGSEND = YES;
				GCC_C_LANGUAGE_STANDARD = gnu11;
				GCC_NO_COMMON_BLOCKS = YES;
				GCC_WARN_64_TO_32_BIT_CONVERSION = YES;
				GCC_WARN_ABOUT_RETURN_TYPE = YES_ERROR;
				GCC_WARN_UNDECLARED_SELECTOR = YES;
				GCC_WARN_UNINITIALIZED_AUTOS = YES_AGGRESSIVE;
				GCC_WARN_UNUSED_FUNCTION = YES;
				GCC_WARN_UNUSED_VARIABLE = YES;
				IPHONEOS_DEPLOYMENT_TARGET = 12.2;
				MTL_ENABLE_DEBUG_INFO = NO;
				MTL_FAST_MATH = YES;
				SDKROOT = iphoneos;
				VALIDATE_PRODUCT = YES;
			};
			name = Release;
		};
		09738FBD2268774F00F3B404 /* Debug */ = {
			isa = XCBuildConfiguration;
			baseConfigurationReference = 6F3546292471D8A50279ABB0 /* Pods-StockLineDemo.debug.xcconfig */;
			buildSettings = {
				ASSETCATALOG_COMPILER_APPICON_NAME = AppIcon;
				CODE_SIGN_IDENTITY = "iPhone Developer";
				CODE_SIGN_STYLE = Automatic;
				DEVELOPMENT_TEAM = 3U4T4928GM;
				INFOPLIST_FILE = StockLineDemo/Info.plist;
				LD_RUNPATH_SEARCH_PATHS = (
					"$(inherited)",
					"@executable_path/Frameworks",
				);
				PRODUCT_BUNDLE_IDENTIFIER = orange.com.StockLineDemo;
				PRODUCT_NAME = "$(TARGET_NAME)";
				PROVISIONING_PROFILE_SPECIFIER = "";
				TARGETED_DEVICE_FAMILY = 1;
			};
			name = Debug;
		};
		09738FBE2268774F00F3B404 /* Release */ = {
			isa = XCBuildConfiguration;
			baseConfigurationReference = 9EB7E99922E3F0C2CD100029 /* Pods-StockLineDemo.release.xcconfig */;
			buildSettings = {
				ASSETCATALOG_COMPILER_APPICON_NAME = AppIcon;
				CODE_SIGN_IDENTITY = "iPhone Developer";
				CODE_SIGN_STYLE = Automatic;
				DEVELOPMENT_TEAM = 3U4T4928GM;
				INFOPLIST_FILE = StockLineDemo/Info.plist;
				LD_RUNPATH_SEARCH_PATHS = (
					"$(inherited)",
					"@executable_path/Frameworks",
				);
				PRODUCT_BUNDLE_IDENTIFIER = orange.com.StockLineDemo;
				PRODUCT_NAME = "$(TARGET_NAME)";
				PROVISIONING_PROFILE_SPECIFIER = "";
				TARGETED_DEVICE_FAMILY = 1;
			};
			name = Release;
		};
/* End XCBuildConfiguration section */

/* Begin XCConfigurationList section */
		09738FA12268774E00F3B404 /* Build configuration list for PBXProject "StockLineDemo" */ = {
			isa = XCConfigurationList;
			buildConfigurations = (
				09738FBA2268774F00F3B404 /* Debug */,
				09738FBB2268774F00F3B404 /* Release */,
			);
			defaultConfigurationIsVisible = 0;
			defaultConfigurationName = Release;
		};
		09738FBC2268774F00F3B404 /* Build configuration list for PBXNativeTarget "StockLineDemo" */ = {
			isa = XCConfigurationList;
			buildConfigurations = (
				09738FBD2268774F00F3B404 /* Debug */,
				09738FBE2268774F00F3B404 /* Release */,
			);
			defaultConfigurationIsVisible = 0;
			defaultConfigurationName = Release;
		};
/* End XCConfigurationList section */
	};
	rootObject = 09738F9E2268774E00F3B404 /* Project object */;
}
